
Microsoft Visual Studio Solution File, Format Version 12.00
# Visual Studio 15
VisualStudioVersion = 15.0.26124.0
MinimumVisualStudioVersion = 15.0.26124.0
Project("{FAE04EC0-301F-11D3-BF4B-00C04F79EFBC}") = "NRS.Dominio", "NRS.Dominio\NRS.Dominio.csproj", "{1641EDD0-EE7E-403A-B7BD-42BFE2561195}"
EndProject
Project("{FAE04EC0-301F-11D3-BF4B-00C04F79EFBC}") = "NRS.Aplicacion", "NRS.Aplicacion\NRS.Aplicacion.csproj", "{1E3F8B96-A3FD-4F1C-9F37-7B57D578F86D}"
EndProject
Project("{FAE04EC0-301F-11D3-BF4B-00C04F79EFBC}") = "NRS.Persistencia", "NRS.Persistencia\NRS.Persistencia.csproj", "{E3E15A1C-E23F-4C13-99AB-F8E9BED2B12F}"
EndProject
Project("{FAE04EC0-301F-11D3-BF4B-00C04F79EFBC}") = "NRS.WebAPI", "NRS.BFF\NRS.BFF.csproj", "{B9D52BDD-6BBA-4102-A60A-896BEC754EE5}"
EndProject
Project("{FAE04EC0-301F-11D3-BF4B-00C04F79EFBC}") = "NRS.Seguridad", "NRS.Seguridad\NRS.Seguridad.csproj", "{32B15C85-BECB-4123-AC42-953CF9CBC7BD}"
EndProject
Global
	GlobalSection(SolutionConfigurationPlatforms) = preSolution
		Debug|Any CPU = Debug|Any CPU
		Debug|x64 = Debug|x64
		Debug|x86 = Debug|x86
		Release|Any CPU = Release|Any CPU
		Release|x64 = Release|x64
		Release|x86 = Release|x86
	EndGlobalSection
	GlobalSection(SolutionProperties) = preSolution
		HideSolutionNode = FALSE
	EndGlobalSection
	GlobalSection(ProjectConfigurationPlatforms) = postSolution
		{1641EDD0-EE7E-403A-B7BD-42BFE2561195}.Debug|Any CPU.ActiveCfg = Debug|Any CPU
		{1641EDD0-EE7E-403A-B7BD-42BFE2561195}.Debug|Any CPU.Build.0 = Debug|Any CPU
		{1641EDD0-EE7E-403A-B7BD-42BFE2561195}.Debug|x64.ActiveCfg = Debug|Any CPU
		{1641EDD0-EE7E-403A-B7BD-42BFE2561195}.Debug|x64.Build.0 = Debug|Any CPU
		{1641EDD0-EE7E-403A-B7BD-42BFE2561195}.Debug|x86.ActiveCfg = Debug|Any CPU
		{1641EDD0-EE7E-403A-B7BD-42BFE2561195}.Debug|x86.Build.0 = Debug|Any CPU
		{1641EDD0-EE7E-403A-B7BD-42BFE2561195}.Release|Any CPU.ActiveCfg = Release|Any CPU
		{1641EDD0-EE7E-403A-B7BD-42BFE2561195}.Release|Any CPU.Build.0 = Release|Any CPU
		{1641EDD0-EE7E-403A-B7BD-42BFE2561195}.Release|x64.ActiveCfg = Release|Any CPU
		{1641EDD0-EE7E-403A-B7BD-42BFE2561195}.Release|x64.Build.0 = Release|Any CPU
		{1641EDD0-EE7E-403A-B7BD-42BFE2561195}.Release|x86.ActiveCfg = Release|Any CPU
		{1641EDD0-EE7E-403A-B7BD-42BFE2561195}.Release|x86.Build.0 = Release|Any CPU
		{1E3F8B96-A3FD-4F1C-9F37-7B57D578F86D}.Debug|Any CPU.ActiveCfg = Debug|Any CPU
		{1E3F8B96-A3FD-4F1C-9F37-7B57D578F86D}.Debug|Any CPU.Build.0 = Debug|Any CPU
		{1E3F8B96-A3FD-4F1C-9F37-7B57D578F86D}.Debug|x64.ActiveCfg = Debug|Any CPU
		{1E3F8B96-A3FD-4F1C-9F37-7B57D578F86D}.Debug|x64.Build.0 = Debug|Any CPU
		{1E3F8B96-A3FD-4F1C-9F37-7B57D578F86D}.Debug|x86.ActiveCfg = Debug|Any CPU
		{1E3F8B96-A3FD-4F1C-9F37-7B57D578F86D}.Debug|x86.Build.0 = Debug|Any CPU
		{1E3F8B96-A3FD-4F1C-9F37-7B57D578F86D}.Release|Any CPU.ActiveCfg = Release|Any CPU
		{1E3F8B96-A3FD-4F1C-9F37-7B57D578F86D}.Release|Any CPU.Build.0 = Release|Any CPU
		{1E3F8B96-A3FD-4F1C-9F37-7B57D578F86D}.Release|x64.ActiveCfg = Release|Any CPU
		{1E3F8B96-A3FD-4F1C-9F37-7B57D578F86D}.Release|x64.Build.0 = Release|Any CPU
		{1E3F8B96-A3FD-4F1C-9F37-7B57D578F86D}.Release|x86.ActiveCfg = Release|Any CPU
		{1E3F8B96-A3FD-4F1C-9F37-7B57D578F86D}.Release|x86.Build.0 = Release|Any CPU
		{E3E15A1C-E23F-4C13-99AB-F8E9BED2B12F}.Debug|Any CPU.ActiveCfg = Debug|Any CPU
		{E3E15A1C-E23F-4C13-99AB-F8E9BED2B12F}.Debug|Any CPU.Build.0 = Debug|Any CPU
		{E3E15A1C-E23F-4C13-99AB-F8E9BED2B12F}.Debug|x64.ActiveCfg = Debug|Any CPU
		{E3E15A1C-E23F-4C13-99AB-F8E9BED2B12F}.Debug|x64.Build.0 = Debug|Any CPU
		{E3E15A1C-E23F-4C13-99AB-F8E9BED2B12F}.Debug|x86.ActiveCfg = Debug|Any CPU
		{E3E15A1C-E23F-4C13-99AB-F8E9BED2B12F}.Debug|x86.Build.0 = Debug|Any CPU
		{E3E15A1C-E23F-4C13-99AB-F8E9BED2B12F}.Release|Any CPU.ActiveCfg = Release|Any CPU
		{E3E15A1C-E23F-4C13-99AB-F8E9BED2B12F}.Release|Any CPU.Build.0 = Release|Any CPU
		{E3E15A1C-E23F-4C13-99AB-F8E9BED2B12F}.Release|x64.ActiveCfg = Release|Any CPU
		{E3E15A1C-E23F-4C13-99AB-F8E9BED2B12F}.Release|x64.Build.0 = Release|Any CPU
		{E3E15A1C-E23F-4C13-99AB-F8E9BED2B12F}.Release|x86.ActiveCfg = Release|Any CPU
		{E3E15A1C-E23F-4C13-99AB-F8E9BED2B12F}.Release|x86.Build.0 = Release|Any CPU
		{B9D52BDD-6BBA-4102-A60A-896BEC754EE5}.Debug|Any CPU.ActiveCfg = Debug|Any CPU
		{B9D52BDD-6BBA-4102-A60A-896BEC754EE5}.Debug|Any CPU.Build.0 = Debug|Any CPU
		{B9D52BDD-6BBA-4102-A60A-896BEC754EE5}.Debug|x64.ActiveCfg = Debug|Any CPU
		{B9D52BDD-6BBA-4102-A60A-896BEC754EE5}.Debug|x64.Build.0 = Debug|Any CPU
		{B9D52BDD-6BBA-4102-A60A-896BEC754EE5}.Debug|x86.ActiveCfg = Debug|Any CPU
		{B9D52BDD-6BBA-4102-A60A-896BEC754EE5}.Debug|x86.Build.0 = Debug|Any CPU
		{B9D52BDD-6BBA-4102-A60A-896BEC754EE5}.Release|Any CPU.ActiveCfg = Release|Any CPU
		{B9D52BDD-6BBA-4102-A60A-896BEC754EE5}.Release|Any CPU.Build.0 = Release|Any CPU
		{B9D52BDD-6BBA-4102-A60A-896BEC754EE5}.Release|x64.ActiveCfg = Release|Any CPU
		{B9D52BDD-6BBA-4102-A60A-896BEC754EE5}.Release|x64.Build.0 = Release|Any CPU
		{B9D52BDD-6BBA-4102-A60A-896BEC754EE5}.Release|x86.ActiveCfg = Release|Any CPU
		{B9D52BDD-6BBA-4102-A60A-896BEC754EE5}.Release|x86.Build.0 = Release|Any CPU
		{32B15C85-BECB-4123-AC42-953CF9CBC7BD}.Debug|Any CPU.ActiveCfg = Debug|Any CPU
		{32B15C85-BECB-4123-AC42-953CF9CBC7BD}.Debug|Any CPU.Build.0 = Debug|Any CPU
		{32B15C85-BECB-4123-AC42-953CF9CBC7BD}.Debug|x64.ActiveCfg = Debug|Any CPU
		{32B15C85-BECB-4123-AC42-953CF9CBC7BD}.Debug|x64.Build.0 = Debug|Any CPU
		{32B15C85-BECB-4123-AC42-953CF9CBC7BD}.Debug|x86.ActiveCfg = Debug|Any CPU
		{32B15C85-BECB-4123-AC42-953CF9CBC7BD}.Debug|x86.Build.0 = Debug|Any CPU
		{32B15C85-BECB-4123-AC42-953CF9CBC7BD}.Release|Any CPU.ActiveCfg = Release|Any CPU
		{32B15C85-BECB-4123-AC42-953CF9CBC7BD}.Release|Any CPU.Build.0 = Release|Any CPU
		{32B15C85-BECB-4123-AC42-953CF9CBC7BD}.Release|x64.ActiveCfg = Release|Any CPU
		{32B15C85-BECB-4123-AC42-953CF9CBC7BD}.Release|x64.Build.0 = Release|Any CPU
		{32B15C85-BECB-4123-AC42-953CF9CBC7BD}.Release|x86.ActiveCfg = Release|Any CPU
		{32B15C85-BECB-4123-AC42-953CF9CBC7BD}.Release|x86.Build.0 = Release|Any CPU
	EndGlobalSection
EndGlobal
