
Microsoft Visual Studio Solution File, Format Version 12.00
# Visual Studio Version 17
VisualStudioVersion = 17.5.33627.172
MinimumVisualStudioVersion = 15.0.26124.0
Project("{9A19103F-16F7-4668-BE54-9A1E7A4F7556}") = "NRS.Dominio", "src\NRS.Dominio\NRS.Dominio.csproj", "{1641EDD0-EE7E-403A-B7BD-42BFE2561195}"
EndProject
Project("{9A19103F-16F7-4668-BE54-9A1E7A4F7556}") = "NRS.Aplicacion", "src\NRS.Aplicacion\NRS.Aplicacion.csproj", "{1E3F8B96-A3FD-4F1C-9F37-7B57D578F86D}"
EndProject
Project("{9A19103F-16F7-4668-BE54-9A1E7A4F7556}") = "NRS.Persistencia", "src\NRS.Persistencia\NRS.Persistencia.csproj", "{E3E15A1C-E23F-4C13-99AB-F8E9BED2B12F}"
EndProject
Project("{9A19103F-16F7-4668-BE54-9A1E7A4F7556}") = "NRS.BFF", "src\NRS.BFF\NRS.BFF.csproj", "{B9D52BDD-6BBA-4102-A60A-896BEC754EE5}"
EndProject
Project("{9A19103F-16F7-4668-BE54-9A1E7A4F7556}") = "NRS.Seguridad", "src\NRS.Seguridad\NRS.Seguridad.csproj", "{32B15C85-BECB-4123-AC42-953CF9CBC7BD}"
EndProject
Project("{2150E333-8FDC-42A3-9474-1A3956D46DE8}") = "src", "src", "{CBB1AD3C-0AB2-465B-B45E-989DC3283929}"
EndProject
Project("{2150E333-8FDC-42A3-9474-1A3956D46DE8}") = "tests", "tests", "{B02B8584-3185-4042-9416-CF6ED72DFB4E}"
EndProject
Global
	GlobalSection(SolutionConfigurationPlatforms) = preSolution
		Debug|Any CPU = Debug|Any CPU
		Debug|x64 = Debug|x64
		Debug|x86 = Debug|x86
		Release|Any CPU = Release|Any CPU
		Release|x64 = Release|x64
		Release|x86 = Release|x86
	EndGlobalSection
	GlobalSection(ProjectConfigurationPlatforms) = postSolution
		{1641EDD0-EE7E-403A-B7BD-42BFE2561195}.Debug|Any CPU.ActiveCfg = Debug|Any CPU
		{1641EDD0-EE7E-403A-B7BD-42BFE2561195}.Debug|Any CPU.Build.0 = Debug|Any CPU
		{1641EDD0-EE7E-403A-B7BD-42BFE2561195}.Debug|x64.ActiveCfg = Debug|Any CPU
		{1641EDD0-EE7E-403A-B7BD-42BFE2561195}.Debug|x64.Build.0 = Debug|Any CPU
		{1641EDD0-EE7E-403A-B7BD-42BFE2561195}.Debug|x86.ActiveCfg = Debug|Any CPU
		{1641EDD0-EE7E-403A-B7BD-42BFE2561195}.Debug|x86.Build.0 = Debug|Any CPU
		{1641EDD0-EE7E-403A-B7BD-42BFE2561195}.Release|Any CPU.ActiveCfg = Release|Any CPU
		{1641EDD0-EE7E-403A-B7BD-42BFE2561195}.Release|Any CPU.Build.0 = Release|Any CPU
		{1641EDD0-EE7E-403A-B7BD-42BFE2561195}.Release|x64.ActiveCfg = Release|Any CPU
		{1641EDD0-EE7E-403A-B7BD-42BFE2561195}.Release|x64.Build.0 = Release|Any CPU
		{1641EDD0-EE7E-403A-B7BD-42BFE2561195}.Release|x86.ActiveCfg = Release|Any CPU
		{1641EDD0-EE7E-403A-B7BD-42BFE2561195}.Release|x86.Build.0 = Release|Any CPU
		{1E3F8B96-A3FD-4F1C-9F37-7B57D578F86D}.Debug|Any CPU.ActiveCfg = Debug|Any CPU
		{1E3F8B96-A3FD-4F1C-9F37-7B57D578F86D}.Debug|Any CPU.Build.0 = Debug|Any CPU
		{1E3F8B96-A3FD-4F1C-9F37-7B57D578F86D}.Debug|x64.ActiveCfg = Debug|Any CPU
		{1E3F8B96-A3FD-4F1C-9F37-7B57D578F86D}.Debug|x64.Build.0 = Debug|Any CPU
		{1E3F8B96-A3FD-4F1C-9F37-7B57D578F86D}.Debug|x86.ActiveCfg = Debug|Any CPU
		{1E3F8B96-A3FD-4F1C-9F37-7B57D578F86D}.Debug|x86.Build.0 = Debug|Any CPU
		{1E3F8B96-A3FD-4F1C-9F37-7B57D578F86D}.Release|Any CPU.ActiveCfg = Release|Any CPU
		{1E3F8B96-A3FD-4F1C-9F37-7B57D578F86D}.Release|Any CPU.Build.0 = Release|Any CPU
		{1E3F8B96-A3FD-4F1C-9F37-7B57D578F86D}.Release|x64.ActiveCfg = Release|Any CPU
		{1E3F8B96-A3FD-4F1C-9F37-7B57D578F86D}.Release|x64.Build.0 = Release|Any CPU
		{1E3F8B96-A3FD-4F1C-9F37-7B57D578F86D}.Release|x86.ActiveCfg = Release|Any CPU
		{1E3F8B96-A3FD-4F1C-9F37-7B57D578F86D}.Release|x86.Build.0 = Release|Any CPU
		{E3E15A1C-E23F-4C13-99AB-F8E9BED2B12F}.Debug|Any CPU.ActiveCfg = Debug|Any CPU
		{E3E15A1C-E23F-4C13-99AB-F8E9BED2B12F}.Debug|Any CPU.Build.0 = Debug|Any CPU
		{E3E15A1C-E23F-4C13-99AB-F8E9BED2B12F}.Debug|x64.ActiveCfg = Debug|Any CPU
		{E3E15A1C-E23F-4C13-99AB-F8E9BED2B12F}.Debug|x64.Build.0 = Debug|Any CPU
		{E3E15A1C-E23F-4C13-99AB-F8E9BED2B12F}.Debug|x86.ActiveCfg = Debug|Any CPU
		{E3E15A1C-E23F-4C13-99AB-F8E9BED2B12F}.Debug|x86.Build.0 = Debug|Any CPU
		{E3E15A1C-E23F-4C13-99AB-F8E9BED2B12F}.Release|Any CPU.ActiveCfg = Release|Any CPU
		{E3E15A1C-E23F-4C13-99AB-F8E9BED2B12F}.Release|Any CPU.Build.0 = Release|Any CPU
		{E3E15A1C-E23F-4C13-99AB-F8E9BED2B12F}.Release|x64.ActiveCfg = Release|Any CPU
		{E3E15A1C-E23F-4C13-99AB-F8E9BED2B12F}.Release|x64.Build.0 = Release|Any CPU
		{E3E15A1C-E23F-4C13-99AB-F8E9BED2B12F}.Release|x86.ActiveCfg = Release|Any CPU
		{E3E15A1C-E23F-4C13-99AB-F8E9BED2B12F}.Release|x86.Build.0 = Release|Any CPU
		{B9D52BDD-6BBA-4102-A60A-896BEC754EE5}.Debug|Any CPU.ActiveCfg = Debug|Any CPU
		{B9D52BDD-6BBA-4102-A60A-896BEC754EE5}.Debug|Any CPU.Build.0 = Debug|Any CPU
		{B9D52BDD-6BBA-4102-A60A-896BEC754EE5}.Debug|x64.ActiveCfg = Debug|Any CPU
		{B9D52BDD-6BBA-4102-A60A-896BEC754EE5}.Debug|x64.Build.0 = Debug|Any CPU
		{B9D52BDD-6BBA-4102-A60A-896BEC754EE5}.Debug|x86.ActiveCfg = Debug|Any CPU
		{B9D52BDD-6BBA-4102-A60A-896BEC754EE5}.Debug|x86.Build.0 = Debug|Any CPU
		{B9D52BDD-6BBA-4102-A60A-896BEC754EE5}.Release|Any CPU.ActiveCfg = Release|Any CPU
		{B9D52BDD-6BBA-4102-A60A-896BEC754EE5}.Release|Any CPU.Build.0 = Release|Any CPU
		{B9D52BDD-6BBA-4102-A60A-896BEC754EE5}.Release|x64.ActiveCfg = Release|Any CPU
		{B9D52BDD-6BBA-4102-A60A-896BEC754EE5}.Release|x64.Build.0 = Release|Any CPU
		{B9D52BDD-6BBA-4102-A60A-896BEC754EE5}.Release|x86.ActiveCfg = Release|Any CPU
		{B9D52BDD-6BBA-4102-A60A-896BEC754EE5}.Release|x86.Build.0 = Release|Any CPU
		{32B15C85-BECB-4123-AC42-953CF9CBC7BD}.Debug|Any CPU.ActiveCfg = Debug|Any CPU
		{32B15C85-BECB-4123-AC42-953CF9CBC7BD}.Debug|Any CPU.Build.0 = Debug|Any CPU
		{32B15C85-BECB-4123-AC42-953CF9CBC7BD}.Debug|x64.ActiveCfg = Debug|Any CPU
		{32B15C85-BECB-4123-AC42-953CF9CBC7BD}.Debug|x64.Build.0 = Debug|Any CPU
		{32B15C85-BECB-4123-AC42-953CF9CBC7BD}.Debug|x86.ActiveCfg = Debug|Any CPU
		{32B15C85-BECB-4123-AC42-953CF9CBC7BD}.Debug|x86.Build.0 = Debug|Any CPU
		{32B15C85-BECB-4123-AC42-953CF9CBC7BD}.Release|Any CPU.ActiveCfg = Release|Any CPU
		{32B15C85-BECB-4123-AC42-953CF9CBC7BD}.Release|Any CPU.Build.0 = Release|Any CPU
		{32B15C85-BECB-4123-AC42-953CF9CBC7BD}.Release|x64.ActiveCfg = Release|Any CPU
		{32B15C85-BECB-4123-AC42-953CF9CBC7BD}.Release|x64.Build.0 = Release|Any CPU
		{32B15C85-BECB-4123-AC42-953CF9CBC7BD}.Release|x86.ActiveCfg = Release|Any CPU
		{32B15C85-BECB-4123-AC42-953CF9CBC7BD}.Release|x86.Build.0 = Release|Any CPU
	EndGlobalSection
	GlobalSection(SolutionProperties) = preSolution
		HideSolutionNode = FALSE
	EndGlobalSection
	GlobalSection(NestedProjects) = preSolution
		{1641EDD0-EE7E-403A-B7BD-42BFE2561195} = {CBB1AD3C-0AB2-465B-B45E-989DC3283929}
		{1E3F8B96-A3FD-4F1C-9F37-7B57D578F86D} = {CBB1AD3C-0AB2-465B-B45E-989DC3283929}
		{E3E15A1C-E23F-4C13-99AB-F8E9BED2B12F} = {CBB1AD3C-0AB2-465B-B45E-989DC3283929}
		{B9D52BDD-6BBA-4102-A60A-896BEC754EE5} = {CBB1AD3C-0AB2-465B-B45E-989DC3283929}
		{32B15C85-BECB-4123-AC42-953CF9CBC7BD} = {CBB1AD3C-0AB2-465B-B45E-989DC3283929}
	EndGlobalSection
EndGlobal
